
Microsoft Visual Studio Solution File, Format Version 12.00
# Visual Studio Version 16
VisualStudioVersion = 16.0.30413.136
MinimumVisualStudioVersion = 10.0.40219.1
Project("{9A19103F-16F7-4668-BE54-9A1E7A4F7556}") = "Wanderer", "Wanderer.csproj", "{BD1110DA-2D71-4910-ACC7-D0EE3FF0F91B}"
EndProject
Global
	GlobalSection(SolutionConfigurationPlatforms) = preSolution
		Debug|Any CPU = Debug|Any CPU
		Release|Any CPU = Release|Any CPU
	EndGlobalSection
	GlobalSection(ProjectConfigurationPlatforms) = postSolution
		{BD1110DA-2D71-4910-ACC7-D0EE3FF0F91B}.Debug|Any CPU.ActiveCfg = Debug|Any CPU
		{BD1110DA-2D71-4910-ACC7-D0EE3FF0F91B}.Debug|Any CPU.Build.0 = Debug|Any CPU
		{BD1110DA-2D71-4910-ACC7-D0EE3FF0F91B}.Release|Any CPU.ActiveCfg = Release|Any CPU
		{BD1110DA-2D71-4910-ACC7-D0EE3FF0F91B}.Release|Any CPU.Build.0 = Release|Any CPU
	EndGlobalSection
	GlobalSection(SolutionProperties) = preSolution
		HideSolutionNode = FALSE
	EndGlobalSection
	GlobalSection(ExtensibilityGlobals) = postSolution
		SolutionGuid = {891C1AB4-3173-4731-B6C8-37A376CA8950}
	EndGlobalSection
EndGlobal
